{
  "name": "mock_bnb",
  "version": "1.0.0",
  "lockfileVersion": 3,
  "requires": true,
  "packages": {
    "": {
      "name": "mock_bnb",
      "version": "1.0.0",
      "hasInstallScript": true,
      "license": "ISC",
      "dependencies": {
        "mock_bnb": "file:"
      }
    },
    "node_modules/mock_bnb": {
      "resolved": "",
      "link": true
    }
  }
}
